{
  "name": "inventario-ciudad-nueva",
  "lockfileVersion": 3,
  "requires": true,
  "packages": {
    "": {
      "name": "inventario-ciudad-nueva",
      "dependencies": {
        "@sveltia/cms": "0.220.0"
      }
    },
    "node_modules/@sveltia/cms": {
      "version": "0.220.0",
      "resolved": "https://registry.npmjs.org/@sveltia/cms/-/cms-0.220.0.tgz",
      "integrity": "sha512-MVIIfnw8ptT5GIPf0TtJDEVeJ/nQkJnC3ODPoo4tTtWfcdtulE0d66GQ7QunhhTBvdjmfg8Sv3xPMlZrPd4zlw==",
      "license": "MIT",
      "funding": {
        "type": "github",
        "url": "https://github.com/sponsors/kyoshino"
      }
    }
  }
}
